// !$*UTF8*$!
{
	archiveVersion = 1;
	classes = {
	};
	objectVersion = 46;
	objects = {

/* Begin PBXBuildFile section */
		6E7FF71C1DEA001A00942174 /* AppDelegate.swift in Sources */ = {isa = PBXBuildFile; fileRef = 6E7FF71B1DEA001A00942174 /* AppDelegate.swift */; };
		6E7FF71E1DEA001A00942174 /* ViewController.swift in Sources */ = {isa = PBXBuildFile; fileRef = 6E7FF71D1DEA001A00942174 /* ViewController.swift */; };
		6E7FF7211DEA001A00942174 /* Main.storyboard in Resources */ = {isa = PBXBuildFile; fileRef = 6E7FF71F1DEA001A00942174 /* Main.storyboard */; };
		6E7FF7231DEA001A00942174 /* Assets.xcassets in Resources */ = {isa = PBXBuildFile; fileRef = 6E7FF7221DEA001A00942174 /* Assets.xcassets */; };
		6E7FF7261DEA001A00942174 /* LaunchScreen.storyboard in Resources */ = {isa = PBXBuildFile; fileRef = 6E7FF7241DEA001A00942174 /* LaunchScreen.storyboard */; };
		6E7FF74A1DEA008500942174 /* NacimientoVC.swift in Sources */ = {isa = PBXBuildFile; fileRef = 6E7FF7491DEA008500942174 /* NacimientoVC.swift */; };
		6E7FF74C1DEA025A00942174 /* AmorVC.swift in Sources */ = {isa = PBXBuildFile; fileRef = 6E7FF74B1DEA025A00942174 /* AmorVC.swift */; };
		6E7FF74E1DEA027800942174 /* ResultadoVC.swift in Sources */ = {isa = PBXBuildFile; fileRef = 6E7FF74D1DEA027800942174 /* ResultadoVC.swift */; };
/* End PBXBuildFile section */

/* Begin PBXContainerItemProxy section */
		6E7FF72D1DEA001A00942174 /* PBXContainerItemProxy */ = {
			isa = PBXContainerItemProxy;
			containerPortal = 6E7FF7101DEA001A00942174 /* Project object */;
			proxyType = 1;
			remoteGlobalIDString = 6E7FF7171DEA001A00942174;
			remoteInfo = "Fiesta de la Media Naranja";
		};
		6E7FF7381DEA001A00942174 /* PBXContainerItemProxy */ = {
			isa = PBXContainerItemProxy;
			containerPortal = 6E7FF7101DEA001A00942174 /* Project object */;
			proxyType = 1;
			remoteGlobalIDString = 6E7FF7171DEA001A00942174;
			remoteInfo = "Fiesta de la Media Naranja";
		};
/* End PBXContainerItemProxy section */

/* Begin PBXFileReference section */
		6E7FF7181DEA001A00942174 /* Fiesta de la Media Naranja.app */ = {isa = PBXFileReference; explicitFileType = wrapper.application; includeInIndex = 0; path = "Fiesta de la Media Naranja.app"; sourceTree = BUILT_PRODUCTS_DIR; };
		6E7FF71B1DEA001A00942174 /* AppDelegate.swift */ = {isa = PBXFileReference; lastKnownFileType = sourcecode.swift; path = AppDelegate.swift; sourceTree = "<group>"; };
		6E7FF71D1DEA001A00942174 /* ViewController.swift */ = {isa = PBXFileReference; lastKnownFileType = sourcecode.swift; path = ViewController.swift; sourceTree = "<group>"; };
		6E7FF7201DEA001A00942174 /* Base */ = {isa = PBXFileReference; lastKnownFileType = file.storyboard; name = Base; path = Base.lproj/Main.storyboard; sourceTree = "<group>"; };
		6E7FF7221DEA001A00942174 /* Assets.xcassets */ = {isa = PBXFileReference; lastKnownFileType = folder.assetcatalog; path = Assets.xcassets; sourceTree = "<group>"; };
		6E7FF7251DEA001A00942174 /* Base */ = {isa = PBXFileReference; lastKnownFileType = file.storyboard; name = Base; path = Base.lproj/LaunchScreen.storyboard; sourceTree = "<group>"; };
		6E7FF7271DEA001A00942174 /* Info.plist */ = {isa = PBXFileReference; lastKnownFileType = text.plist.xml; path = Info.plist; sourceTree = "<group>"; };
		6E7FF72C1DEA001A00942174 /* Fiesta de la Media NaranjaTests.xctest */ = {isa = PBXFileReference; explicitFileType = wrapper.cfbundle; includeInIndex = 0; path = "Fiesta de la Media NaranjaTests.xctest"; sourceTree = BUILT_PRODUCTS_DIR; };
		6E7FF7371DEA001A00942174 /* Fiesta de la Media NaranjaUITests.xctest */ = {isa = PBXFileReference; explicitFileType = wrapper.cfbundle; includeInIndex = 0; path = "Fiesta de la Media NaranjaUITests.xctest"; sourceTree = BUILT_PRODUCTS_DIR; };
		6E7FF7491DEA008500942174 /* NacimientoVC.swift */ = {isa = PBXFileReference; fileEncoding = 4; lastKnownFileType = sourcecode.swift; path = NacimientoVC.swift; sourceTree = "<group>"; };
		6E7FF74B1DEA025A00942174 /* AmorVC.swift */ = {isa = PBXFileReference; fileEncoding = 4; lastKnownFileType = sourcecode.swift; path = AmorVC.swift; sourceTree = "<group>"; };
		6E7FF74D1DEA027800942174 /* ResultadoVC.swift */ = {isa = PBXFileReference; fileEncoding = 4; lastKnownFileType = sourcecode.swift; path = ResultadoVC.swift; sourceTree = "<group>"; };
/* End PBXFileReference section */

/* Begin PBXFrameworksBuildPhase section */
		6E7FF7151DEA001A00942174 /* Frameworks */ = {
			isa = PBXFrameworksBuildPhase;
			buildActionMask = 2147483647;
			files = (
			);
			runOnlyForDeploymentPostprocessing = 0;
		};
		6E7FF7291DEA001A00942174 /* Frameworks */ = {
			isa = PBXFrameworksBuildPhase;
			buildActionMask = 2147483647;
			files = (
			);
			runOnlyForDeploymentPostprocessing = 0;
		};
		6E7FF7341DEA001A00942174 /* Frameworks */ = {
			isa = PBXFrameworksBuildPhase;
			buildActionMask = 2147483647;
			files = (
			);
			runOnlyForDeploymentPostprocessing = 0;
		};
/* End PBXFrameworksBuildPhase section */

/* Begin PBXGroup section */
		6E7FF70F1DEA001A00942174 = {
			isa = PBXGroup;
			children = (
				6E7FF71A1DEA001A00942174 /* Fiesta de la Media Naranja */,
				6E7FF7191DEA001A00942174 /* Products */,
			);
			sourceTree = "<group>";
		};
		6E7FF7191DEA001A00942174 /* Products */ = {
			isa = PBXGroup;
			children = (
				6E7FF7181DEA001A00942174 /* Fiesta de la Media Naranja.app */,
				6E7FF72C1DEA001A00942174 /* Fiesta de la Media NaranjaTests.xctest */,
				6E7FF7371DEA001A00942174 /* Fiesta de la Media NaranjaUITests.xctest */,
			);
			name = Products;
			sourceTree = "<group>";
		};
		6E7FF71A1DEA001A00942174 /* Fiesta de la Media Naranja */ = {
			isa = PBXGroup;
			children = (
				6E7FF71B1DEA001A00942174 /* AppDelegate.swift */,
				6E7FF71D1DEA001A00942174 /* ViewController.swift */,
				6E7FF71F1DEA001A00942174 /* Main.storyboard */,
				6E7FF74D1DEA027800942174 /* ResultadoVC.swift */,
				6E7FF74B1DEA025A00942174 /* AmorVC.swift */,
				6E7FF7491DEA008500942174 /* NacimientoVC.swift */,
				6E7FF7221DEA001A00942174 /* Assets.xcassets */,
				6E7FF7241DEA001A00942174 /* LaunchScreen.storyboard */,
				6E7FF7271DEA001A00942174 /* Info.plist */,
			);
			path = "Fiesta de la Media Naranja";
			sourceTree = "<group>";
		};
/* End PBXGroup section */

/* Begin PBXNativeTarget section */
		6E7FF7171DEA001A00942174 /* Fiesta de la Media Naranja */ = {
			isa = PBXNativeTarget;
			buildConfigurationList = 6E7FF7401DEA001A00942174 /* Build configuration list for PBXNativeTarget "Fiesta de la Media Naranja" */;
			buildPhases = (
				6E7FF7141DEA001A00942174 /* Sources */,
				6E7FF7151DEA001A00942174 /* Frameworks */,
				6E7FF7161DEA001A00942174 /* Resources */,
			);
			buildRules = (
			);
			dependencies = (
			);
			name = "Fiesta de la Media Naranja";
			productName = "Fiesta de la Media Naranja";
			productReference = 6E7FF7181DEA001A00942174 /* Fiesta de la Media Naranja.app */;
			productType = "com.apple.product-type.application";
		};
		6E7FF72B1DEA001A00942174 /* Fiesta de la Media NaranjaTests */ = {
			isa = PBXNativeTarget;
			buildConfigurationList = 6E7FF7431DEA001A00942174 /* Build configuration list for PBXNativeTarget "Fiesta de la Media NaranjaTests" */;
			buildPhases = (
				6E7FF7281DEA001A00942174 /* Sources */,
				6E7FF7291DEA001A00942174 /* Frameworks */,
				6E7FF72A1DEA001A00942174 /* Resources */,
			);
			buildRules = (
			);
			dependencies = (
				6E7FF72E1DEA001A00942174 /* PBXTargetDependency */,
			);
			name = "Fiesta de la Media NaranjaTests";
			productName = "Fiesta de la Media NaranjaTests";
			productReference = 6E7FF72C1DEA001A00942174 /* Fiesta de la Media NaranjaTests.xctest */;
			productType = "com.apple.product-type.bundle.unit-test";
		};
		6E7FF7361DEA001A00942174 /* Fiesta de la Media NaranjaUITests */ = {
			isa = PBXNativeTarget;
			buildConfigurationList = 6E7FF7461DEA001A00942174 /* Build configuration list for PBXNativeTarget "Fiesta de la Media NaranjaUITests" */;
			buildPhases = (
				6E7FF7331DEA001A00942174 /* Sources */,
				6E7FF7341DEA001A00942174 /* Frameworks */,
				6E7FF7351DEA001A00942174 /* Resources */,
			);
			buildRules = (
			);
			dependencies = (
				6E7FF7391DEA001A00942174 /* PBXTargetDependency */,
			);
			name = "Fiesta de la Media NaranjaUITests";
			productName = "Fiesta de la Media NaranjaUITests";
			productReference = 6E7FF7371DEA001A00942174 /* Fiesta de la Media NaranjaUITests.xctest */;
			productType = "com.apple.product-type.bundle.ui-testing";
		};
/* End PBXNativeTarget section */

/* Begin PBXProject section */
		6E7FF7101DEA001A00942174 /* Project object */ = {
			isa = PBXProject;
			attributes = {
				LastSwiftUpdateCheck = 0810;
				LastUpgradeCheck = 0810;
				ORGANIZATIONNAME = Pablo;
				TargetAttributes = {
					6E7FF7171DEA001A00942174 = {
						CreatedOnToolsVersion = 8.1;
						ProvisioningStyle = Automatic;
					};
					6E7FF72B1DEA001A00942174 = {
						CreatedOnToolsVersion = 8.1;
						ProvisioningStyle = Automatic;
						TestTargetID = 6E7FF7171DEA001A00942174;
					};
					6E7FF7361DEA001A00942174 = {
						CreatedOnToolsVersion = 8.1;
						ProvisioningStyle = Automatic;
						TestTargetID = 6E7FF7171DEA001A00942174;
					};
				};
			};
			buildConfigurationList = 6E7FF7131DEA001A00942174 /* Build configuration list for PBXProject "Fiesta de la Media Naranja" */;
			compatibilityVersion = "Xcode 3.2";
			developmentRegion = English;
			hasScannedForEncodings = 0;
			knownRegions = (
				en,
				Base,
			);
			mainGroup = 6E7FF70F1DEA001A00942174;
			productRefGroup = 6E7FF7191DEA001A00942174 /* Products */;
			projectDirPath = "";
			projectRoot = "";
			targets = (
				6E7FF7171DEA001A00942174 /* Fiesta de la Media Naranja */,
				6E7FF72B1DEA001A00942174 /* Fiesta de la Media NaranjaTests */,
				6E7FF7361DEA001A00942174 /* Fiesta de la Media NaranjaUITests */,
			);
		};
/* End PBXProject section */

/* Begin PBXResourcesBuildPhase section */
		6E7FF7161DEA001A00942174 /* Resources */ = {
			isa = PBXResourcesBuildPhase;
			buildActionMask = 2147483647;
			files = (
				6E7FF7261DEA001A00942174 /* LaunchScreen.storyboard in Resources */,
				6E7FF7231DEA001A00942174 /* Assets.xcassets in Resources */,
				6E7FF7211DEA001A00942174 /* Main.storyboard in Resources */,
			);
			runOnlyForDeploymentPostprocessing = 0;
		};
		6E7FF72A1DEA001A00942174 /* Resources */ = {
			isa = PBXResourcesBuildPhase;
			buildActionMask = 2147483647;
			files = (
			);
			runOnlyForDeploymentPostprocessing = 0;
		};
		6E7FF7351DEA001A00942174 /* Resources */ = {
			isa = PBXResourcesBuildPhase;
			buildActionMask = 2147483647;
			files = (
			);
			runOnlyForDeploymentPostprocessing = 0;
		};
/* End PBXResourcesBuildPhase section */

/* Begin PBXSourcesBuildPhase section */
		6E7FF7141DEA001A00942174 /* Sources */ = {
			isa = PBXSourcesBuildPhase;
			buildActionMask = 2147483647;
			files = (
				6E7FF71E1DEA001A00942174 /* ViewController.swift in Sources */,
				6E7FF74A1DEA008500942174 /* NacimientoVC.swift in Sources */,
				6E7FF74E1DEA027800942174 /* ResultadoVC.swift in Sources */,
				6E7FF71C1DEA001A00942174 /* AppDelegate.swift in Sources */,
				6E7FF74C1DEA025A00942174 /* AmorVC.swift in Sources */,
			);
			runOnlyForDeploymentPostprocessing = 0;
		};
		6E7FF7281DEA001A00942174 /* Sources */ = {
			isa = PBXSourcesBuildPhase;
			buildActionMask = 2147483647;
			files = (
			);
			runOnlyForDeploymentPostprocessing = 0;
		};
		6E7FF7331DEA001A00942174 /* Sources */ = {
			isa = PBXSourcesBuildPhase;
			buildActionMask = 2147483647;
			files = (
			);
			runOnlyForDeploymentPostprocessing = 0;
		};
/* End PBXSourcesBuildPhase section */

/* Begin PBXTargetDependency section */
		6E7FF72E1DEA001A00942174 /* PBXTargetDependency */ = {
			isa = PBXTargetDependency;
			target = 6E7FF7171DEA001A00942174 /* Fiesta de la Media Naranja */;
			targetProxy = 6E7FF72D1DEA001A00942174 /* PBXContainerItemProxy */;
		};
		6E7FF7391DEA001A00942174 /* PBXTargetDependency */ = {
			isa = PBXTargetDependency;
			target = 6E7FF7171DEA001A00942174 /* Fiesta de la Media Naranja */;
			targetProxy = 6E7FF7381DEA001A00942174 /* PBXContainerItemProxy */;
		};
/* End PBXTargetDependency section */

/* Begin PBXVariantGroup section */
		6E7FF71F1DEA001A00942174 /* Main.storyboard */ = {
			isa = PBXVariantGroup;
			children = (
				6E7FF7201DEA001A00942174 /* Base */,
			);
			name = Main.storyboard;
			sourceTree = "<group>";
		};
		6E7FF7241DEA001A00942174 /* LaunchScreen.storyboard */ = {
			isa = PBXVariantGroup;
			children = (
				6E7FF7251DEA001A00942174 /* Base */,
			);
			name = LaunchScreen.storyboard;
			sourceTree = "<group>";
		};
/* End PBXVariantGroup section */

/* Begin XCBuildConfiguration section */
		6E7FF73E1DEA001A00942174 /* Debug */ = {
			isa = XCBuildConfiguration;
			buildSettings = {
				ALWAYS_SEARCH_USER_PATHS = NO;
				CLANG_ANALYZER_NONNULL = YES;
				CLANG_CXX_LANGUAGE_STANDARD = "gnu++0x";
				CLANG_CXX_LIBRARY = "libc++";
				CLANG_ENABLE_MODULES = YES;
				CLANG_ENABLE_OBJC_ARC = YES;
				CLANG_WARN_BOOL_CONVERSION = YES;
				CLANG_WARN_CONSTANT_CONVERSION = YES;
				CLANG_WARN_DIRECT_OBJC_ISA_USAGE = YES_ERROR;
				CLANG_WARN_DOCUMENTATION_COMMENTS = YES;
				CLANG_WARN_EMPTY_BODY = YES;
				CLANG_WARN_ENUM_CONVERSION = YES;
				CLANG_WARN_INFINITE_RECURSION = YES;
				CLANG_WARN_INT_CONVERSION = YES;
				CLANG_WARN_OBJC_ROOT_CLASS = YES_ERROR;
				CLANG_WARN_SUSPICIOUS_MOVES = YES;
				CLANG_WARN_UNREACHABLE_CODE = YES;
				CLANG_WARN__DUPLICATE_METHOD_MATCH = YES;
				"CODE_SIGN_IDENTITY[sdk=iphoneos*]" = "iPhone Developer";
				COPY_PHASE_STRIP = NO;
				DEBUG_INFORMATION_FORMAT = dwarf;
				ENABLE_STRICT_OBJC_MSGSEND = YES;
				ENABLE_TESTABILITY = YES;
				GCC_C_LANGUAGE_STANDARD = gnu99;
				GCC_DYNAMIC_NO_PIC = NO;
				GCC_NO_COMMON_BLOCKS = YES;
				GCC_OPTIMIZATION_LEVEL = 0;
				GCC_PREPROCESSOR_DEFINITIONS = (
					"DEBUG=1",
					"$(inherited)",
				);
				GCC_WARN_64_TO_32_BIT_CONVERSION = YES;
				GCC_WARN_ABOUT_RETURN_TYPE = YES_ERROR;
				GCC_WARN_UNDECLARED_SELECTOR = YES;
				GCC_WARN_UNINITIALIZED_AUTOS = YES_AGGRESSIVE;
				GCC_WARN_UNUSED_FUNCTION = YES;
				GCC_WARN_UNUSED_VARIABLE = YES;
				IPHONEOS_DEPLOYMENT_TARGET = 10.1;
				MTL_ENABLE_DEBUG_INFO = YES;
				ONLY_ACTIVE_ARCH = YES;
				SDKROOT = iphoneos;
				SWIFT_ACTIVE_COMPILATION_CONDITIONS = DEBUG;
				SWIFT_OPTIMIZATION_LEVEL = "-Onone";
				TARGETED_DEVICE_FAMILY = "1,2";
			};
			name = Debug;
		};
		6E7FF73F1DEA001A00942174 /* Release */ = {
			isa = XCBuildConfiguration;
			buildSettings = {
				ALWAYS_SEARCH_USER_PATHS = NO;
				CLANG_ANALYZER_NONNULL = YES;
				CLANG_CXX_LANGUAGE_STANDARD = "gnu++0x";
				CLANG_CXX_LIBRARY = "libc++";
				CLANG_ENABLE_MODULES = YES;
				CLANG_ENABLE_OBJC_ARC = YES;
				CLANG_WARN_BOOL_CONVERSION = YES;
				CLANG_WARN_CONSTANT_CONVERSION = YES;
				CLANG_WARN_DIRECT_OBJC_ISA_USAGE = YES_ERROR;
				CLANG_WARN_DOCUMENTATION_COMMENTS = YES;
				CLANG_WARN_EMPTY_BODY = YES;
				CLANG_WARN_ENUM_CONVERSION = YES;
				CLANG_WARN_INFINITE_RECURSION = YES;
				CLANG_WARN_INT_CONVERSION = YES;
				CLANG_WARN_OBJC_ROOT_CLASS = YES_ERROR;
				CLANG_WARN_SUSPICIOUS_MOVES = YES;
				CLANG_WARN_UNREACHABLE_CODE = YES;
				CLANG_WARN__DUPLICATE_METHOD_MATCH = YES;
				"CODE_SIGN_IDENTITY[sdk=iphoneos*]" = "iPhone Developer";
				COPY_PHASE_STRIP = NO;
				DEBUG_INFORMATION_FORMAT = "dwarf-with-dsym";
				ENABLE_NS_ASSERTIONS = NO;
				ENABLE_STRICT_OBJC_MSGSEND = YES;
				GCC_C_LANGUAGE_STANDARD = gnu99;
				GCC_NO_COMMON_BLOCKS = YES;
				GCC_WARN_64_TO_32_BIT_CONVERSION = YES;
				GCC_WARN_ABOUT_RETURN_TYPE = YES_ERROR;
				GCC_WARN_UNDECLARED_SELECTOR = YES;
				GCC_WARN_UNINITIALIZED_AUTOS = YES_AGGRESSIVE;
				GCC_WARN_UNUSED_FUNCTION = YES;
				GCC_WARN_UNUSED_VARIABLE = YES;
				IPHONEOS_DEPLOYMENT_TARGET = 10.1;
				MTL_ENABLE_DEBUG_INFO = NO;
				SDKROOT = iphoneos;
				SWIFT_OPTIMIZATION_LEVEL = "-Owholemodule";
				TARGETED_DEVICE_FAMILY = "1,2";
				VALIDATE_PRODUCT = YES;
			};
			name = Release;
		};
		6E7FF7411DEA001A00942174 /* Debug */ = {
			isa = XCBuildConfiguration;
			buildSettings = {
				ASSETCATALOG_COMPILER_APPICON_NAME = AppIcon;
				INFOPLIST_FILE = "Fiesta de la Media Naranja/Info.plist";
				LD_RUNPATH_SEARCH_PATHS = "$(inherited) @executable_path/Frameworks";
				PRODUCT_BUNDLE_IDENTIFIER = "UPM.Fiesta-de-la-Media-Naranja";
				PRODUCT_NAME = "$(TARGET_NAME)";
				SWIFT_VERSION = 3.0;
			};
			name = Debug;
		};
		6E7FF7421DEA001A00942174 /* Release */ = {
			isa = XCBuildConfiguration;
			buildSettings = {
				ASSETCATALOG_COMPILER_APPICON_NAME = AppIcon;
				INFOPLIST_FILE = "Fiesta de la Media Naranja/Info.plist";
				LD_RUNPATH_SEARCH_PATHS = "$(inherited) @executable_path/Frameworks";
				PRODUCT_BUNDLE_IDENTIFIER = "UPM.Fiesta-de-la-Media-Naranja";
				PRODUCT_NAME = "$(TARGET_NAME)";
				SWIFT_VERSION = 3.0;
			};
			name = Release;
		};
		6E7FF7441DEA001A00942174 /* Debug */ = {
			isa = XCBuildConfiguration;
			buildSettings = {
				ALWAYS_EMBED_SWIFT_STANDARD_LIBRARIES = YES;
				BUNDLE_LOADER = "$(TEST_HOST)";
				INFOPLIST_FILE = "Fiesta de la Media NaranjaTests/Info.plist";
				LD_RUNPATH_SEARCH_PATHS = "$(inherited) @executable_path/Frameworks @loader_path/Frameworks";
				PRODUCT_BUNDLE_IDENTIFIER = "UPM.Fiesta-de-la-Media-NaranjaTests";
				PRODUCT_NAME = "$(TARGET_NAME)";
				SWIFT_VERSION = 3.0;
				TEST_HOST = "$(BUILT_PRODUCTS_DIR)/Fiesta de la Media Naranja.app/Fiesta de la Media Naranja";
			};
			name = Debug;
		};
		6E7FF7451DEA001A00942174 /* Release */ = {
			isa = XCBuildConfiguration;
			buildSettings = {
				ALWAYS_EMBED_SWIFT_STANDARD_LIBRARIES = YES;
				BUNDLE_LOADER = "$(TEST_HOST)";
				INFOPLIST_FILE = "Fiesta de la Media NaranjaTests/Info.plist";
				LD_RUNPATH_SEARCH_PATHS = "$(inherited) @executable_path/Frameworks @loader_path/Frameworks";
				PRODUCT_BUNDLE_IDENTIFIER = "UPM.Fiesta-de-la-Media-NaranjaTests";
				PRODUCT_NAME = "$(TARGET_NAME)";
				SWIFT_VERSION = 3.0;
				TEST_HOST = "$(BUILT_PRODUCTS_DIR)/Fiesta de la Media Naranja.app/Fiesta de la Media Naranja";
			};
			name = Release;
		};
		6E7FF7471DEA001A00942174 /* Debug */ = {
			isa = XCBuildConfiguration;
			buildSettings = {
				ALWAYS_EMBED_SWIFT_STANDARD_LIBRARIES = YES;
				INFOPLIST_FILE = "Fiesta de la Media NaranjaUITests/Info.plist";
				LD_RUNPATH_SEARCH_PATHS = "$(inherited) @executable_path/Frameworks @loader_path/Frameworks";
				PRODUCT_BUNDLE_IDENTIFIER = "UPM.Fiesta-de-la-Media-NaranjaUITests";
				PRODUCT_NAME = "$(TARGET_NAME)";
				SWIFT_VERSION = 3.0;
				TEST_TARGET_NAME = "Fiesta de la Media Naranja";
			};
			name = Debug;
		};
		6E7FF7481DEA001A00942174 /* Release */ = {
			isa = XCBuildConfiguration;
			buildSettings = {
				ALWAYS_EMBED_SWIFT_STANDARD_LIBRARIES = YES;
				INFOPLIST_FILE = "Fiesta de la Media NaranjaUITests/Info.plist";
				LD_RUNPATH_SEARCH_PATHS = "$(inherited) @executable_path/Frameworks @loader_path/Frameworks";
				PRODUCT_BUNDLE_IDENTIFIER = "UPM.Fiesta-de-la-Media-NaranjaUITests";
				PRODUCT_NAME = "$(TARGET_NAME)";
				SWIFT_VERSION = 3.0;
				TEST_TARGET_NAME = "Fiesta de la Media Naranja";
			};
			name = Release;
		};
/* End XCBuildConfiguration section */

/* Begin XCConfigurationList section */
		6E7FF7131DEA001A00942174 /* Build configuration list for PBXProject "Fiesta de la Media Naranja" */ = {
			isa = XCConfigurationList;
			buildConfigurations = (
				6E7FF73E1DEA001A00942174 /* Debug */,
				6E7FF73F1DEA001A00942174 /* Release */,
			);
			defaultConfigurationIsVisible = 0;
			defaultConfigurationName = Release;
		};
		6E7FF7401DEA001A00942174 /* Build configuration list for PBXNativeTarget "Fiesta de la Media Naranja" */ = {
			isa = XCConfigurationList;
			buildConfigurations = (
				6E7FF7411DEA001A00942174 /* Debug */,
				6E7FF7421DEA001A00942174 /* Release */,
			);
			defaultConfigurationIsVisible = 0;
			defaultConfigurationName = Release;
		};
		6E7FF7431DEA001A00942174 /* Build configuration list for PBXNativeTarget "Fiesta de la Media NaranjaTests" */ = {
			isa = XCConfigurationList;
			buildConfigurations = (
				6E7FF7441DEA001A00942174 /* Debug */,
				6E7FF7451DEA001A00942174 /* Release */,
			);
			defaultConfigurationIsVisible = 0;
			defaultConfigurationName = Release;
		};
		6E7FF7461DEA001A00942174 /* Build configuration list for PBXNativeTarget "Fiesta de la Media NaranjaUITests" */ = {
			isa = XCConfigurationList;
			buildConfigurations = (
				6E7FF7471DEA001A00942174 /* Debug */,
				6E7FF7481DEA001A00942174 /* Release */,
			);
			defaultConfigurationIsVisible = 0;
			defaultConfigurationName = Release;
		};
/* End XCConfigurationList section */
	};
	rootObject = 6E7FF7101DEA001A00942174 /* Project object */;
}
